// !$*UTF8*$!
{
	archiveVersion = 1;
	classes = {
	};
	objectVersion = 46;
	objects = {

/* Begin PBXBuildFile section */
		9458A5E745706824B2A8612B /* libPods-Cross-platform-todo-list.a in Frameworks */ = {isa = PBXBuildFile; fileRef = A0B3F705B0C740264529609C /* libPods-Cross-platform-todo-list.a */; };
		C848851B1EC0DD9F001E319D /* main.m in Sources */ = {isa = PBXBuildFile; fileRef = C848851A1EC0DD9F001E319D /* main.m */; };
		C848851E1EC0DD9F001E319D /* AppDelegate.m in Sources */ = {isa = PBXBuildFile; fileRef = C848851D1EC0DD9F001E319D /* AppDelegate.m */; };
		C84885211EC0DD9F001E319D /* ViewController.m in Sources */ = {isa = PBXBuildFile; fileRef = C84885201EC0DD9F001E319D /* ViewController.m */; };
		C84885241EC0DD9F001E319D /* Main.storyboard in Resources */ = {isa = PBXBuildFile; fileRef = C84885221EC0DD9F001E319D /* Main.storyboard */; };
		C84885261EC0DD9F001E319D /* Assets.xcassets in Resources */ = {isa = PBXBuildFile; fileRef = C84885251EC0DD9F001E319D /* Assets.xcassets */; };
		C84885291EC0DD9F001E319D /* LaunchScreen.storyboard in Resources */ = {isa = PBXBuildFile; fileRef = C84885271EC0DD9F001E319D /* LaunchScreen.storyboard */; };
		C84885311EC0DFE8001E319D /* GoogleService-Info.plist in Resources */ = {isa = PBXBuildFile; fileRef = C84885301EC0DFE8001E319D /* GoogleService-Info.plist */; };
		C84885341EC0EBCE001E319D /* LoginViewController.m in Sources */ = {isa = PBXBuildFile; fileRef = C84885331EC0EBCE001E319D /* LoginViewController.m */; };
		C84885371EC10E61001E319D /* NewTodoViewController.m in Sources */ = {isa = PBXBuildFile; fileRef = C84885361EC10E61001E319D /* NewTodoViewController.m */; };
		C848853A1EC21CD0001E319D /* Todo.m in Sources */ = {isa = PBXBuildFile; fileRef = C84885391EC21CD0001E319D /* Todo.m */; };
		C84885411EC233AE001E319D /* Interface.storyboard in Resources */ = {isa = PBXBuildFile; fileRef = C848853F1EC233AE001E319D /* Interface.storyboard */; };
		C84885431EC233AE001E319D /* Assets.xcassets in Resources */ = {isa = PBXBuildFile; fileRef = C84885421EC233AE001E319D /* Assets.xcassets */; };
		C848854A1EC233AF001E319D /* WatchKit-todo-list Extension.appex in Embed App Extensions */ = {isa = PBXBuildFile; fileRef = C84885491EC233AF001E319D /* WatchKit-todo-list Extension.appex */; settings = {ATTRIBUTES = (RemoveHeadersOnCopy, ); }; };
		C84885501EC233AF001E319D /* InterfaceController.m in Sources */ = {isa = PBXBuildFile; fileRef = C848854F1EC233AF001E319D /* InterfaceController.m */; };
		C84885531EC233AF001E319D /* ExtensionDelegate.m in Sources */ = {isa = PBXBuildFile; fileRef = C84885521EC233AF001E319D /* ExtensionDelegate.m */; };
		C84885551EC233AF001E319D /* Assets.xcassets in Resources */ = {isa = PBXBuildFile; fileRef = C84885541EC233AF001E319D /* Assets.xcassets */; };
		C84885591EC233AF001E319D /* WatchKit-todo-list.app in Embed Watch Content */ = {isa = PBXBuildFile; fileRef = C848853D1EC233AE001E319D /* WatchKit-todo-list.app */; };
		C84885641EC23F39001E319D /* TodoRowController.m in Sources */ = {isa = PBXBuildFile; fileRef = C84885631EC23F39001E319D /* TodoRowController.m */; };
		C84885651EC2427C001E319D /* Todo.m in Sources */ = {isa = PBXBuildFile; fileRef = C84885391EC21CD0001E319D /* Todo.m */; };
		C848856E1EC246C4001E319D /* main.m in Sources */ = {isa = PBXBuildFile; fileRef = C848856D1EC246C4001E319D /* main.m */; };
		C84885711EC246C4001E319D /* AppDelegate.m in Sources */ = {isa = PBXBuildFile; fileRef = C84885701EC246C4001E319D /* AppDelegate.m */; };
		C84885771EC246C4001E319D /* Main.storyboard in Resources */ = {isa = PBXBuildFile; fileRef = C84885751EC246C4001E319D /* Main.storyboard */; };
		C84885791EC246C5001E319D /* Assets.xcassets in Resources */ = {isa = PBXBuildFile; fileRef = C84885781EC246C4001E319D /* Assets.xcassets */; };
		C84885801EC248B2001E319D /* TVHomeViewController.m in Sources */ = {isa = PBXBuildFile; fileRef = C848857F1EC248B2001E319D /* TVHomeViewController.m */; };
		C84885811EC249D0001E319D /* Todo.m in Sources */ = {isa = PBXBuildFile; fileRef = C84885391EC21CD0001E319D /* Todo.m */; };
		C84885B31EC35929001E319D /* CompletedViewController.m in Sources */ = {isa = PBXBuildFile; fileRef = C84885B21EC35929001E319D /* CompletedViewController.m */; };
		C84885B61EC35940001E319D /* CompletedTableViewCell.m in Sources */ = {isa = PBXBuildFile; fileRef = C84885B51EC35940001E319D /* CompletedTableViewCell.m */; };
		C84885B91EC35BED001E319D /* TVDetailViewController.m in Sources */ = {isa = PBXBuildFile; fileRef = C84885B81EC35BED001E319D /* TVDetailViewController.m */; };
		C84885BA1EC35BF0001E319D /* TVDetailViewController.m in Sources */ = {isa = PBXBuildFile; fileRef = C84885B81EC35BED001E319D /* TVDetailViewController.m */; };
		C84885BD1EC35CBE001E319D /* DetailsInterfaceController.m in Sources */ = {isa = PBXBuildFile; fileRef = C84885BC1EC35CBE001E319D /* DetailsInterfaceController.m */; };
/* End PBXBuildFile section */

/* Begin PBXContainerItemProxy section */
		C848854B1EC233AF001E319D /* PBXContainerItemProxy */ = {
			isa = PBXContainerItemProxy;
			containerPortal = C848850E1EC0DD9F001E319D /* Project object */;
			proxyType = 1;
			remoteGlobalIDString = C84885481EC233AF001E319D;
			remoteInfo = "WatchKit-todo-list Extension";
		};
		C84885571EC233AF001E319D /* PBXContainerItemProxy */ = {
			isa = PBXContainerItemProxy;
			containerPortal = C848850E1EC0DD9F001E319D /* Project object */;
			proxyType = 1;
			remoteGlobalIDString = C848853C1EC233AE001E319D;
			remoteInfo = "WatchKit-todo-list";
		};
/* End PBXContainerItemProxy section */

/* Begin PBXCopyFilesBuildPhase section */
		C848855D1EC233AF001E319D /* Embed App Extensions */ = {
			isa = PBXCopyFilesBuildPhase;
			buildActionMask = 2147483647;
			dstPath = "";
			dstSubfolderSpec = 13;
			files = (
				C848854A1EC233AF001E319D /* WatchKit-todo-list Extension.appex in Embed App Extensions */,
			);
			name = "Embed App Extensions";
			runOnlyForDeploymentPostprocessing = 0;
		};
		C84885611EC233AF001E319D /* Embed Watch Content */ = {
			isa = PBXCopyFilesBuildPhase;
			buildActionMask = 2147483647;
			dstPath = "$(CONTENTS_FOLDER_PATH)/Watch";
			dstSubfolderSpec = 16;
			files = (
				C84885591EC233AF001E319D /* WatchKit-todo-list.app in Embed Watch Content */,
			);
			name = "Embed Watch Content";
			runOnlyForDeploymentPostprocessing = 0;
		};
/* End PBXCopyFilesBuildPhase section */

/* Begin PBXFileReference section */
		5D3935AEE0308E1C10DAA180 /* Pods-Cross-platform-todo-list.debug.xcconfig */ = {isa = PBXFileReference; includeInIndex = 1; lastKnownFileType = text.xcconfig; name = "Pods-Cross-platform-todo-list.debug.xcconfig"; path = "Pods/Target Support Files/Pods-Cross-platform-todo-list/Pods-Cross-platform-todo-list.debug.xcconfig"; sourceTree = "<group>"; };
		A0B3F705B0C740264529609C /* libPods-Cross-platform-todo-list.a */ = {isa = PBXFileReference; explicitFileType = archive.ar; includeInIndex = 0; path = "libPods-Cross-platform-todo-list.a"; sourceTree = BUILT_PRODUCTS_DIR; };
		C84885161EC0DD9F001E319D /* Cross-platform-todo-list.app */ = {isa = PBXFileReference; explicitFileType = wrapper.application; includeInIndex = 0; path = "Cross-platform-todo-list.app"; sourceTree = BUILT_PRODUCTS_DIR; };
		C848851A1EC0DD9F001E319D /* main.m */ = {isa = PBXFileReference; lastKnownFileType = sourcecode.c.objc; path = main.m; sourceTree = "<group>"; };
		C848851C1EC0DD9F001E319D /* AppDelegate.h */ = {isa = PBXFileReference; lastKnownFileType = sourcecode.c.h; path = AppDelegate.h; sourceTree = "<group>"; };
		C848851D1EC0DD9F001E319D /* AppDelegate.m */ = {isa = PBXFileReference; lastKnownFileType = sourcecode.c.objc; path = AppDelegate.m; sourceTree = "<group>"; };
		C848851F1EC0DD9F001E319D /* ViewController.h */ = {isa = PBXFileReference; lastKnownFileType = sourcecode.c.h; path = ViewController.h; sourceTree = "<group>"; };
		C84885201EC0DD9F001E319D /* ViewController.m */ = {isa = PBXFileReference; lastKnownFileType = sourcecode.c.objc; path = ViewController.m; sourceTree = "<group>"; };
		C84885231EC0DD9F001E319D /* Base */ = {isa = PBXFileReference; lastKnownFileType = file.storyboard; name = Base; path = Base.lproj/Main.storyboard; sourceTree = "<group>"; };
		C84885251EC0DD9F001E319D /* Assets.xcassets */ = {isa = PBXFileReference; lastKnownFileType = folder.assetcatalog; path = Assets.xcassets; sourceTree = "<group>"; };
		C84885281EC0DD9F001E319D /* Base */ = {isa = PBXFileReference; lastKnownFileType = file.storyboard; name = Base; path = Base.lproj/LaunchScreen.storyboard; sourceTree = "<group>"; };
		C848852A1EC0DD9F001E319D /* Info.plist */ = {isa = PBXFileReference; lastKnownFileType = text.plist.xml; path = Info.plist; sourceTree = "<group>"; };
		C84885301EC0DFE8001E319D /* GoogleService-Info.plist */ = {isa = PBXFileReference; fileEncoding = 4; lastKnownFileType = text.plist.xml; path = "GoogleService-Info.plist"; sourceTree = "<group>"; };
		C84885321EC0EBCE001E319D /* LoginViewController.h */ = {isa = PBXFileReference; fileEncoding = 4; lastKnownFileType = sourcecode.c.h; path = LoginViewController.h; sourceTree = "<group>"; };
		C84885331EC0EBCE001E319D /* LoginViewController.m */ = {isa = PBXFileReference; fileEncoding = 4; lastKnownFileType = sourcecode.c.objc; path = LoginViewController.m; sourceTree = "<group>"; };
		C84885351EC10E61001E319D /* NewTodoViewController.h */ = {isa = PBXFileReference; fileEncoding = 4; lastKnownFileType = sourcecode.c.h; path = NewTodoViewController.h; sourceTree = "<group>"; };
		C84885361EC10E61001E319D /* NewTodoViewController.m */ = {isa = PBXFileReference; fileEncoding = 4; lastKnownFileType = sourcecode.c.objc; path = NewTodoViewController.m; sourceTree = "<group>"; };
		C84885381EC21CD0001E319D /* Todo.h */ = {isa = PBXFileReference; fileEncoding = 4; lastKnownFileType = sourcecode.c.h; path = Todo.h; sourceTree = "<group>"; };
		C84885391EC21CD0001E319D /* Todo.m */ = {isa = PBXFileReference; fileEncoding = 4; lastKnownFileType = sourcecode.c.objc; path = Todo.m; sourceTree = "<group>"; };
		C848853D1EC233AE001E319D /* WatchKit-todo-list.app */ = {isa = PBXFileReference; explicitFileType = wrapper.application; includeInIndex = 0; path = "WatchKit-todo-list.app"; sourceTree = BUILT_PRODUCTS_DIR; };
		C84885401EC233AE001E319D /* Base */ = {isa = PBXFileReference; lastKnownFileType = file.storyboard; name = Base; path = Base.lproj/Interface.storyboard; sourceTree = "<group>"; };
		C84885421EC233AE001E319D /* Assets.xcassets */ = {isa = PBXFileReference; lastKnownFileType = folder.assetcatalog; path = Assets.xcassets; sourceTree = "<group>"; };
		C84885441EC233AE001E319D /* Info.plist */ = {isa = PBXFileReference; lastKnownFileType = text.plist.xml; path = Info.plist; sourceTree = "<group>"; };
		C84885491EC233AF001E319D /* WatchKit-todo-list Extension.appex */ = {isa = PBXFileReference; explicitFileType = "wrapper.app-extension"; includeInIndex = 0; path = "WatchKit-todo-list Extension.appex"; sourceTree = BUILT_PRODUCTS_DIR; };
		C848854E1EC233AF001E319D /* InterfaceController.h */ = {isa = PBXFileReference; lastKnownFileType = sourcecode.c.h; path = InterfaceController.h; sourceTree = "<group>"; };
		C848854F1EC233AF001E319D /* InterfaceController.m */ = {isa = PBXFileReference; lastKnownFileType = sourcecode.c.objc; path = InterfaceController.m; sourceTree = "<group>"; };
		C84885511EC233AF001E319D /* ExtensionDelegate.h */ = {isa = PBXFileReference; lastKnownFileType = sourcecode.c.h; path = ExtensionDelegate.h; sourceTree = "<group>"; };
		C84885521EC233AF001E319D /* ExtensionDelegate.m */ = {isa = PBXFileReference; lastKnownFileType = sourcecode.c.objc; path = ExtensionDelegate.m; sourceTree = "<group>"; };
		C84885541EC233AF001E319D /* Assets.xcassets */ = {isa = PBXFileReference; lastKnownFileType = folder.assetcatalog; path = Assets.xcassets; sourceTree = "<group>"; };
		C84885561EC233AF001E319D /* Info.plist */ = {isa = PBXFileReference; lastKnownFileType = text.plist.xml; path = Info.plist; sourceTree = "<group>"; };
		C84885621EC23F39001E319D /* TodoRowController.h */ = {isa = PBXFileReference; fileEncoding = 4; lastKnownFileType = sourcecode.c.h; path = TodoRowController.h; sourceTree = "<group>"; };
		C84885631EC23F39001E319D /* TodoRowController.m */ = {isa = PBXFileReference; fileEncoding = 4; lastKnownFileType = sourcecode.c.objc; path = TodoRowController.m; sourceTree = "<group>"; };
		C848856A1EC246C4001E319D /* TV-todo-list.app */ = {isa = PBXFileReference; explicitFileType = wrapper.application; includeInIndex = 0; path = "TV-todo-list.app"; sourceTree = BUILT_PRODUCTS_DIR; };
		C848856D1EC246C4001E319D /* main.m */ = {isa = PBXFileReference; lastKnownFileType = sourcecode.c.objc; path = main.m; sourceTree = "<group>"; };
		C848856F1EC246C4001E319D /* AppDelegate.h */ = {isa = PBXFileReference; lastKnownFileType = sourcecode.c.h; path = AppDelegate.h; sourceTree = "<group>"; };
		C84885701EC246C4001E319D /* AppDelegate.m */ = {isa = PBXFileReference; lastKnownFileType = sourcecode.c.objc; path = AppDelegate.m; sourceTree = "<group>"; };
		C84885761EC246C4001E319D /* Base */ = {isa = PBXFileReference; lastKnownFileType = file.storyboard; name = Base; path = Base.lproj/Main.storyboard; sourceTree = "<group>"; };
		C84885781EC246C4001E319D /* Assets.xcassets */ = {isa = PBXFileReference; lastKnownFileType = folder.assetcatalog; path = Assets.xcassets; sourceTree = "<group>"; };
		C848857A1EC246C5001E319D /* Info.plist */ = {isa = PBXFileReference; lastKnownFileType = text.plist.xml; path = Info.plist; sourceTree = "<group>"; };
		C848857E1EC248B2001E319D /* TVHomeViewController.h */ = {isa = PBXFileReference; fileEncoding = 4; lastKnownFileType = sourcecode.c.h; path = TVHomeViewController.h; sourceTree = "<group>"; };
		C848857F1EC248B2001E319D /* TVHomeViewController.m */ = {isa = PBXFileReference; fileEncoding = 4; lastKnownFileType = sourcecode.c.objc; path = TVHomeViewController.m; sourceTree = "<group>"; };
		C84885B11EC35929001E319D /* CompletedViewController.h */ = {isa = PBXFileReference; fileEncoding = 4; lastKnownFileType = sourcecode.c.h; path = CompletedViewController.h; sourceTree = "<group>"; };
		C84885B21EC35929001E319D /* CompletedViewController.m */ = {isa = PBXFileReference; fileEncoding = 4; lastKnownFileType = sourcecode.c.objc; path = CompletedViewController.m; sourceTree = "<group>"; };
		C84885B41EC35940001E319D /* CompletedTableViewCell.h */ = {isa = PBXFileReference; fileEncoding = 4; lastKnownFileType = sourcecode.c.h; path = CompletedTableViewCell.h; sourceTree = "<group>"; };
		C84885B51EC35940001E319D /* CompletedTableViewCell.m */ = {isa = PBXFileReference; fileEncoding = 4; lastKnownFileType = sourcecode.c.objc; path = CompletedTableViewCell.m; sourceTree = "<group>"; };
		C84885B71EC35BED001E319D /* TVDetailViewController.h */ = {isa = PBXFileReference; fileEncoding = 4; lastKnownFileType = sourcecode.c.h; path = TVDetailViewController.h; sourceTree = "<group>"; };
		C84885B81EC35BED001E319D /* TVDetailViewController.m */ = {isa = PBXFileReference; fileEncoding = 4; lastKnownFileType = sourcecode.c.objc; path = TVDetailViewController.m; sourceTree = "<group>"; };
		C84885BB1EC35CBE001E319D /* DetailsInterfaceController.h */ = {isa = PBXFileReference; fileEncoding = 4; lastKnownFileType = sourcecode.c.h; path = DetailsInterfaceController.h; sourceTree = "<group>"; };
		C84885BC1EC35CBE001E319D /* DetailsInterfaceController.m */ = {isa = PBXFileReference; fileEncoding = 4; lastKnownFileType = sourcecode.c.objc; path = DetailsInterfaceController.m; sourceTree = "<group>"; };
		D852A6A0A70D73574A6BB5A7 /* Pods-Cross-platform-todo-list.release.xcconfig */ = {isa = PBXFileReference; includeInIndex = 1; lastKnownFileType = text.xcconfig; name = "Pods-Cross-platform-todo-list.release.xcconfig"; path = "Pods/Target Support Files/Pods-Cross-platform-todo-list/Pods-Cross-platform-todo-list.release.xcconfig"; sourceTree = "<group>"; };
/* End PBXFileReference section */

/* Begin PBXFrameworksBuildPhase section */
		C84885131EC0DD9F001E319D /* Frameworks */ = {
			isa = PBXFrameworksBuildPhase;
			buildActionMask = 2147483647;
			files = (
				9458A5E745706824B2A8612B /* libPods-Cross-platform-todo-list.a in Frameworks */,
			);
			runOnlyForDeploymentPostprocessing = 0;
		};
		C84885461EC233AF001E319D /* Frameworks */ = {
			isa = PBXFrameworksBuildPhase;
			buildActionMask = 2147483647;
			files = (
			);
			runOnlyForDeploymentPostprocessing = 0;
		};
		C84885671EC246C4001E319D /* Frameworks */ = {
			isa = PBXFrameworksBuildPhase;
			buildActionMask = 2147483647;
			files = (
			);
			runOnlyForDeploymentPostprocessing = 0;
		};
/* End PBXFrameworksBuildPhase section */

/* Begin PBXGroup section */
		06DBD9AA3530A26CB622212D /* Pods */ = {
			isa = PBXGroup;
			children = (
				5D3935AEE0308E1C10DAA180 /* Pods-Cross-platform-todo-list.debug.xcconfig */,
				D852A6A0A70D73574A6BB5A7 /* Pods-Cross-platform-todo-list.release.xcconfig */,
			);
			name = Pods;
			sourceTree = "<group>";
		};
		C848850D1EC0DD9F001E319D = {
			isa = PBXGroup;
			children = (
				C84885181EC0DD9F001E319D /* Cross-platform-todo-list */,
				C848853E1EC233AE001E319D /* WatchKit-todo-list */,
				C848854D1EC233AF001E319D /* WatchKit-todo-list Extension */,
				C848856B1EC246C4001E319D /* TV-todo-list */,
				C84885171EC0DD9F001E319D /* Products */,
				06DBD9AA3530A26CB622212D /* Pods */,
				E393FB9449412B43C7509834 /* Frameworks */,
			);
			sourceTree = "<group>";
		};
		C84885171EC0DD9F001E319D /* Products */ = {
			isa = PBXGroup;
			children = (
				C84885161EC0DD9F001E319D /* Cross-platform-todo-list.app */,
				C848853D1EC233AE001E319D /* WatchKit-todo-list.app */,
				C84885491EC233AF001E319D /* WatchKit-todo-list Extension.appex */,
				C848856A1EC246C4001E319D /* TV-todo-list.app */,
			);
			name = Products;
			sourceTree = "<group>";
		};
		C84885181EC0DD9F001E319D /* Cross-platform-todo-list */ = {
			isa = PBXGroup;
			children = (
				C84885B01EC3579B001E319D /* Model */,
				C84885AF1EC35794001E319D /* View */,
				C84885AE1EC3578E001E319D /* Controller */,
				C84885251EC0DD9F001E319D /* Assets.xcassets */,
				C84885191EC0DD9F001E319D /* Supporting Files */,
			);
			path = "Cross-platform-todo-list";
			sourceTree = "<group>";
		};
		C84885191EC0DD9F001E319D /* Supporting Files */ = {
			isa = PBXGroup;
			children = (
				C848852A1EC0DD9F001E319D /* Info.plist */,
				C84885301EC0DFE8001E319D /* GoogleService-Info.plist */,
				C848851A1EC0DD9F001E319D /* main.m */,
			);
			name = "Supporting Files";
			sourceTree = "<group>";
		};
		C848853E1EC233AE001E319D /* WatchKit-todo-list */ = {
			isa = PBXGroup;
			children = (
				C848853F1EC233AE001E319D /* Interface.storyboard */,
				C84885421EC233AE001E319D /* Assets.xcassets */,
				C84885441EC233AE001E319D /* Info.plist */,
			);
			path = "WatchKit-todo-list";
			sourceTree = "<group>";
		};
		C848854D1EC233AF001E319D /* WatchKit-todo-list Extension */ = {
			isa = PBXGroup;
			children = (
				C84885BB1EC35CBE001E319D /* DetailsInterfaceController.h */,
				C84885BC1EC35CBE001E319D /* DetailsInterfaceController.m */,
				C848854E1EC233AF001E319D /* InterfaceController.h */,
				C848854F1EC233AF001E319D /* InterfaceController.m */,
				C84885511EC233AF001E319D /* ExtensionDelegate.h */,
				C84885521EC233AF001E319D /* ExtensionDelegate.m */,
				C84885541EC233AF001E319D /* Assets.xcassets */,
				C84885561EC233AF001E319D /* Info.plist */,
				C84885621EC23F39001E319D /* TodoRowController.h */,
				C84885631EC23F39001E319D /* TodoRowController.m */,
			);
			path = "WatchKit-todo-list Extension";
			sourceTree = "<group>";
		};
		C848856B1EC246C4001E319D /* TV-todo-list */ = {
			isa = PBXGroup;
			children = (
				C848856F1EC246C4001E319D /* AppDelegate.h */,
				C84885701EC246C4001E319D /* AppDelegate.m */,
				C84885751EC246C4001E319D /* Main.storyboard */,
				C84885781EC246C4001E319D /* Assets.xcassets */,
				C848857A1EC246C5001E319D /* Info.plist */,
				C848856C1EC246C4001E319D /* Supporting Files */,
				C848857E1EC248B2001E319D /* TVHomeViewController.h */,
				C848857F1EC248B2001E319D /* TVHomeViewController.m */,
				C84885B71EC35BED001E319D /* TVDetailViewController.h */,
				C84885B81EC35BED001E319D /* TVDetailViewController.m */,
			);
			path = "TV-todo-list";
			sourceTree = "<group>";
		};
		C848856C1EC246C4001E319D /* Supporting Files */ = {
			isa = PBXGroup;
			children = (
				C848856D1EC246C4001E319D /* main.m */,
			);
			name = "Supporting Files";
			sourceTree = "<group>";
		};
		C84885AE1EC3578E001E319D /* Controller */ = {
			isa = PBXGroup;
			children = (
				C84885B11EC35929001E319D /* CompletedViewController.h */,
				C84885B21EC35929001E319D /* CompletedViewController.m */,
				C84885351EC10E61001E319D /* NewTodoViewController.h */,
				C84885361EC10E61001E319D /* NewTodoViewController.m */,
				C84885381EC21CD0001E319D /* Todo.h */,
				C84885391EC21CD0001E319D /* Todo.m */,
				C848851F1EC0DD9F001E319D /* ViewController.h */,
				C84885201EC0DD9F001E319D /* ViewController.m */,
				C84885321EC0EBCE001E319D /* LoginViewController.h */,
				C84885331EC0EBCE001E319D /* LoginViewController.m */,
			);
			name = Controller;
			sourceTree = "<group>";
		};
		C84885AF1EC35794001E319D /* View */ = {
			isa = PBXGroup;
			children = (
				C84885B41EC35940001E319D /* CompletedTableViewCell.h */,
				C84885B51EC35940001E319D /* CompletedTableViewCell.m */,
				C84885221EC0DD9F001E319D /* Main.storyboard */,
				C84885271EC0DD9F001E319D /* LaunchScreen.storyboard */,
			);
			name = View;
			sourceTree = "<group>";
		};
		C84885B01EC3579B001E319D /* Model */ = {
			isa = PBXGroup;
			children = (
				C848851C1EC0DD9F001E319D /* AppDelegate.h */,
				C848851D1EC0DD9F001E319D /* AppDelegate.m */,
			);
			name = Model;
			sourceTree = "<group>";
		};
		E393FB9449412B43C7509834 /* Frameworks */ = {
			isa = PBXGroup;
			children = (
				A0B3F705B0C740264529609C /* libPods-Cross-platform-todo-list.a */,
			);
			name = Frameworks;
			sourceTree = "<group>";
		};
/* End PBXGroup section */

/* Begin PBXNativeTarget section */
		C84885151EC0DD9F001E319D /* Cross-platform-todo-list */ = {
			isa = PBXNativeTarget;
			buildConfigurationList = C848852D1EC0DD9F001E319D /* Build configuration list for PBXNativeTarget "Cross-platform-todo-list" */;
			buildPhases = (
				6A7F1C04CB15F6D8D118337E /* [CP] Check Pods Manifest.lock */,
				C84885121EC0DD9F001E319D /* Sources */,
				C84885131EC0DD9F001E319D /* Frameworks */,
				C84885141EC0DD9F001E319D /* Resources */,
				D14EF9ED98B4C88E2BB870D8 /* [CP] Embed Pods Frameworks */,
				92E7B6E761ED7F937E42DE0A /* [CP] Copy Pods Resources */,
				C84885611EC233AF001E319D /* Embed Watch Content */,
			);
			buildRules = (
			);
			dependencies = (
				C84885581EC233AF001E319D /* PBXTargetDependency */,
			);
			name = "Cross-platform-todo-list";
			productName = "Cross-platform-todo-list";
			productReference = C84885161EC0DD9F001E319D /* Cross-platform-todo-list.app */;
			productType = "com.apple.product-type.application";
		};
		C848853C1EC233AE001E319D /* WatchKit-todo-list */ = {
			isa = PBXNativeTarget;
			buildConfigurationList = C848855E1EC233AF001E319D /* Build configuration list for PBXNativeTarget "WatchKit-todo-list" */;
			buildPhases = (
				C848853B1EC233AE001E319D /* Resources */,
				C848855D1EC233AF001E319D /* Embed App Extensions */,
			);
			buildRules = (
			);
			dependencies = (
				C848854C1EC233AF001E319D /* PBXTargetDependency */,
			);
			name = "WatchKit-todo-list";
			productName = "WatchKit-todo-list";
			productReference = C848853D1EC233AE001E319D /* WatchKit-todo-list.app */;
			productType = "com.apple.product-type.application.watchapp2";
		};
		C84885481EC233AF001E319D /* WatchKit-todo-list Extension */ = {
			isa = PBXNativeTarget;
			buildConfigurationList = C848855A1EC233AF001E319D /* Build configuration list for PBXNativeTarget "WatchKit-todo-list Extension" */;
			buildPhases = (
				C84885451EC233AF001E319D /* Sources */,
				C84885461EC233AF001E319D /* Frameworks */,
				C84885471EC233AF001E319D /* Resources */,
			);
			buildRules = (
			);
			dependencies = (
			);
			name = "WatchKit-todo-list Extension";
			productName = "WatchKit-todo-list Extension";
			productReference = C84885491EC233AF001E319D /* WatchKit-todo-list Extension.appex */;
			productType = "com.apple.product-type.watchkit2-extension";
		};
		C84885691EC246C4001E319D /* TV-todo-list */ = {
			isa = PBXNativeTarget;
			buildConfigurationList = C848857B1EC246C5001E319D /* Build configuration list for PBXNativeTarget "TV-todo-list" */;
			buildPhases = (
				C84885661EC246C4001E319D /* Sources */,
				C84885671EC246C4001E319D /* Frameworks */,
				C84885681EC246C4001E319D /* Resources */,
			);
			buildRules = (
			);
			dependencies = (
			);
			name = "TV-todo-list";
			productName = "TV-todo-list";
			productReference = C848856A1EC246C4001E319D /* TV-todo-list.app */;
			productType = "com.apple.product-type.application";
		};
/* End PBXNativeTarget section */

/* Begin PBXProject section */
		C848850E1EC0DD9F001E319D /* Project object */ = {
			isa = PBXProject;
			attributes = {
				LastUpgradeCheck = 0830;
				ORGANIZATIONNAME = "Austin Rogers";
				TargetAttributes = {
					C84885151EC0DD9F001E319D = {
						CreatedOnToolsVersion = 8.3.1;
						DevelopmentTeam = 8EL2FG2Q62;
						ProvisioningStyle = Automatic;
					};
					C848853C1EC233AE001E319D = {
						CreatedOnToolsVersion = 8.3.1;
						DevelopmentTeam = 8EL2FG2Q62;
						ProvisioningStyle = Automatic;
					};
					C84885481EC233AF001E319D = {
						CreatedOnToolsVersion = 8.3.1;
						DevelopmentTeam = 8EL2FG2Q62;
						ProvisioningStyle = Automatic;
					};
					C84885691EC246C4001E319D = {
						CreatedOnToolsVersion = 8.3.1;
						DevelopmentTeam = 8EL2FG2Q62;
						ProvisioningStyle = Automatic;
					};
				};
			};
			buildConfigurationList = C84885111EC0DD9F001E319D /* Build configuration list for PBXProject "Cross-platform-todo-list" */;
			compatibilityVersion = "Xcode 3.2";
			developmentRegion = English;
			hasScannedForEncodings = 0;
			knownRegions = (
				en,
				Base,
			);
			mainGroup = C848850D1EC0DD9F001E319D;
			productRefGroup = C84885171EC0DD9F001E319D /* Products */;
			projectDirPath = "";
			projectRoot = "";
			targets = (
				C84885151EC0DD9F001E319D /* Cross-platform-todo-list */,
				C848853C1EC233AE001E319D /* WatchKit-todo-list */,
				C84885481EC233AF001E319D /* WatchKit-todo-list Extension */,
				C84885691EC246C4001E319D /* TV-todo-list */,
			);
		};
/* End PBXProject section */

/* Begin PBXResourcesBuildPhase section */
		C84885141EC0DD9F001E319D /* Resources */ = {
			isa = PBXResourcesBuildPhase;
			buildActionMask = 2147483647;
			files = (
				C84885291EC0DD9F001E319D /* LaunchScreen.storyboard in Resources */,
				C84885311EC0DFE8001E319D /* GoogleService-Info.plist in Resources */,
				C84885261EC0DD9F001E319D /* Assets.xcassets in Resources */,
				C84885241EC0DD9F001E319D /* Main.storyboard in Resources */,
			);
			runOnlyForDeploymentPostprocessing = 0;
		};
		C848853B1EC233AE001E319D /* Resources */ = {
			isa = PBXResourcesBuildPhase;
			buildActionMask = 2147483647;
			files = (
				C84885431EC233AE001E319D /* Assets.xcassets in Resources */,
				C84885411EC233AE001E319D /* Interface.storyboard in Resources */,
			);
			runOnlyForDeploymentPostprocessing = 0;
		};
		C84885471EC233AF001E319D /* Resources */ = {
			isa = PBXResourcesBuildPhase;
			buildActionMask = 2147483647;
			files = (
				C84885551EC233AF001E319D /* Assets.xcassets in Resources */,
			);
			runOnlyForDeploymentPostprocessing = 0;
		};
		C84885681EC246C4001E319D /* Resources */ = {
			isa = PBXResourcesBuildPhase;
			buildActionMask = 2147483647;
			files = (
				C84885791EC246C5001E319D /* Assets.xcassets in Resources */,
				C84885771EC246C4001E319D /* Main.storyboard in Resources */,
			);
			runOnlyForDeploymentPostprocessing = 0;
		};
/* End PBXResourcesBuildPhase section */

/* Begin PBXShellScriptBuildPhase section */
		6A7F1C04CB15F6D8D118337E /* [CP] Check Pods Manifest.lock */ = {
			isa = PBXShellScriptBuildPhase;
			buildActionMask = 2147483647;
			files = (
			);
			inputPaths = (
			);
			name = "[CP] Check Pods Manifest.lock";
			outputPaths = (
			);
			runOnlyForDeploymentPostprocessing = 0;
			shellPath = /bin/sh;
			shellScript = "diff \"${PODS_PODFILE_DIR_PATH}/Podfile.lock\" \"${PODS_ROOT}/Manifest.lock\" > /dev/null\nif [ $? != 0 ] ; then\n    # print error to STDERR\n    echo \"error: The sandbox is not in sync with the Podfile.lock. Run 'pod install' or update your CocoaPods installation.\" >&2\n    exit 1\nfi\n";
			showEnvVarsInLog = 0;
		};
		92E7B6E761ED7F937E42DE0A /* [CP] Copy Pods Resources */ = {
			isa = PBXShellScriptBuildPhase;
			buildActionMask = 2147483647;
			files = (
			);
			inputPaths = (
			);
			name = "[CP] Copy Pods Resources";
			outputPaths = (
			);
			runOnlyForDeploymentPostprocessing = 0;
			shellPath = /bin/sh;
			shellScript = "\"${SRCROOT}/Pods/Target Support Files/Pods-Cross-platform-todo-list/Pods-Cross-platform-todo-list-resources.sh\"\n";
			showEnvVarsInLog = 0;
		};
		D14EF9ED98B4C88E2BB870D8 /* [CP] Embed Pods Frameworks */ = {
			isa = PBXShellScriptBuildPhase;
			buildActionMask = 2147483647;
			files = (
			);
			inputPaths = (
			);
			name = "[CP] Embed Pods Frameworks";
			outputPaths = (
			);
			runOnlyForDeploymentPostprocessing = 0;
			shellPath = /bin/sh;
			shellScript = "\"${SRCROOT}/Pods/Target Support Files/Pods-Cross-platform-todo-list/Pods-Cross-platform-todo-list-frameworks.sh\"\n";
			showEnvVarsInLog = 0;
		};
/* End PBXShellScriptBuildPhase section */

/* Begin PBXSourcesBuildPhase section */
		C84885121EC0DD9F001E319D /* Sources */ = {
			isa = PBXSourcesBuildPhase;
			buildActionMask = 2147483647;
			files = (
				C84885341EC0EBCE001E319D /* LoginViewController.m in Sources */,
				C848853A1EC21CD0001E319D /* Todo.m in Sources */,
				C84885211EC0DD9F001E319D /* ViewController.m in Sources */,
				C84885B61EC35940001E319D /* CompletedTableViewCell.m in Sources */,
				C848851E1EC0DD9F001E319D /* AppDelegate.m in Sources */,
				C84885371EC10E61001E319D /* NewTodoViewController.m in Sources */,
				C84885BA1EC35BF0001E319D /* TVDetailViewController.m in Sources */,
				C848851B1EC0DD9F001E319D /* main.m in Sources */,
				C84885B31EC35929001E319D /* CompletedViewController.m in Sources */,
			);
			runOnlyForDeploymentPostprocessing = 0;
		};
		C84885451EC233AF001E319D /* Sources */ = {
			isa = PBXSourcesBuildPhase;
			buildActionMask = 2147483647;
			files = (
				C84885BD1EC35CBE001E319D /* DetailsInterfaceController.m in Sources */,
				C84885531EC233AF001E319D /* ExtensionDelegate.m in Sources */,
				C84885501EC233AF001E319D /* InterfaceController.m in Sources */,
				C84885641EC23F39001E319D /* TodoRowController.m in Sources */,
				C84885651EC2427C001E319D /* Todo.m in Sources */,
			);
			runOnlyForDeploymentPostprocessing = 0;
		};
		C84885661EC246C4001E319D /* Sources */ = {
			isa = PBXSourcesBuildPhase;
			buildActionMask = 2147483647;
			files = (
				C84885711EC246C4001E319D /* AppDelegate.m in Sources */,
				C848856E1EC246C4001E319D /* main.m in Sources */,
				C84885801EC248B2001E319D /* TVHomeViewController.m in Sources */,
				C84885B91EC35BED001E319D /* TVDetailViewController.m in Sources */,
				C84885811EC249D0001E319D /* Todo.m in Sources */,
			);
			runOnlyForDeploymentPostprocessing = 0;
		};
/* End PBXSourcesBuildPhase section */

/* Begin PBXTargetDependency section */
		C848854C1EC233AF001E319D /* PBXTargetDependency */ = {
			isa = PBXTargetDependency;
			target = C84885481EC233AF001E319D /* WatchKit-todo-list Extension */;
			targetProxy = C848854B1EC233AF001E319D /* PBXContainerItemProxy */;
		};
		C84885581EC233AF001E319D /* PBXTargetDependency */ = {
			isa = PBXTargetDependency;
			target = C848853C1EC233AE001E319D /* WatchKit-todo-list */;
			targetProxy = C84885571EC233AF001E319D /* PBXContainerItemProxy */;
		};
/* End PBXTargetDependency section */

/* Begin PBXVariantGroup section */
		C84885221EC0DD9F001E319D /* Main.storyboard */ = {
			isa = PBXVariantGroup;
			children = (
				C84885231EC0DD9F001E319D /* Base */,
			);
			name = Main.storyboard;
			sourceTree = "<group>";
		};
		C84885271EC0DD9F001E319D /* LaunchScreen.storyboard */ = {
			isa = PBXVariantGroup;
			children = (
				C84885281EC0DD9F001E319D /* Base */,
			);
			name = LaunchScreen.storyboard;
			sourceTree = "<group>";
		};
		C848853F1EC233AE001E319D /* Interface.storyboard */ = {
			isa = PBXVariantGroup;
			children = (
				C84885401EC233AE001E319D /* Base */,
			);
			name = Interface.storyboard;
			sourceTree = "<group>";
		};
		C84885751EC246C4001E319D /* Main.storyboard */ = {
			isa = PBXVariantGroup;
			children = (
				C84885761EC246C4001E319D /* Base */,
			);
			name = Main.storyboard;
			sourceTree = "<group>";
		};
/* End PBXVariantGroup section */

/* Begin XCBuildConfiguration section */
		C848852B1EC0DD9F001E319D /* Debug */ = {
			isa = XCBuildConfiguration;
			buildSettings = {
				ALWAYS_SEARCH_USER_PATHS = NO;
				CLANG_ANALYZER_NONNULL = YES;
				CLANG_ANALYZER_NUMBER_OBJECT_CONVERSION = YES_AGGRESSIVE;
				CLANG_CXX_LANGUAGE_STANDARD = "gnu++0x";
				CLANG_CXX_LIBRARY = "libc++";
				CLANG_ENABLE_MODULES = YES;
				CLANG_ENABLE_OBJC_ARC = YES;
				CLANG_WARN_BOOL_CONVERSION = YES;
				CLANG_WARN_CONSTANT_CONVERSION = YES;
				CLANG_WARN_DIRECT_OBJC_ISA_USAGE = YES_ERROR;
				CLANG_WARN_DOCUMENTATION_COMMENTS = YES;
				CLANG_WARN_EMPTY_BODY = YES;
				CLANG_WARN_ENUM_CONVERSION = YES;
				CLANG_WARN_INFINITE_RECURSION = YES;
				CLANG_WARN_INT_CONVERSION = YES;
				CLANG_WARN_OBJC_ROOT_CLASS = YES_ERROR;
				CLANG_WARN_SUSPICIOUS_MOVE = YES;
				CLANG_WARN_UNREACHABLE_CODE = YES;
				CLANG_WARN__DUPLICATE_METHOD_MATCH = YES;
				"CODE_SIGN_IDENTITY[sdk=iphoneos*]" = "iPhone Developer";
				COPY_PHASE_STRIP = NO;
				DEBUG_INFORMATION_FORMAT = dwarf;
				ENABLE_STRICT_OBJC_MSGSEND = YES;
				ENABLE_TESTABILITY = YES;
				GCC_C_LANGUAGE_STANDARD = gnu99;
				GCC_DYNAMIC_NO_PIC = NO;
				GCC_NO_COMMON_BLOCKS = YES;
				GCC_OPTIMIZATION_LEVEL = 0;
				GCC_PREPROCESSOR_DEFINITIONS = (
					"DEBUG=1",
					"$(inherited)",
				);
				GCC_WARN_64_TO_32_BIT_CONVERSION = YES;
				GCC_WARN_ABOUT_RETURN_TYPE = YES_ERROR;
				GCC_WARN_UNDECLARED_SELECTOR = YES;
				GCC_WARN_UNINITIALIZED_AUTOS = YES_AGGRESSIVE;
				GCC_WARN_UNUSED_FUNCTION = YES;
				GCC_WARN_UNUSED_VARIABLE = YES;
				IPHONEOS_DEPLOYMENT_TARGET = 10.3;
				MTL_ENABLE_DEBUG_INFO = YES;
				ONLY_ACTIVE_ARCH = YES;
				SDKROOT = iphoneos;
				TARGETED_DEVICE_FAMILY = "1,2";
			};
			name = Debug;
		};
		C848852C1EC0DD9F001E319D /* Release */ = {
			isa = XCBuildConfiguration;
			buildSettings = {
				ALWAYS_SEARCH_USER_PATHS = NO;
				CLANG_ANALYZER_NONNULL = YES;
				CLANG_ANALYZER_NUMBER_OBJECT_CONVERSION = YES_AGGRESSIVE;
				CLANG_CXX_LANGUAGE_STANDARD = "gnu++0x";
				CLANG_CXX_LIBRARY = "libc++";
				CLANG_ENABLE_MODULES = YES;
				CLANG_ENABLE_OBJC_ARC = YES;
				CLANG_WARN_BOOL_CONVERSION = YES;
				CLANG_WARN_CONSTANT_CONVERSION = YES;
				CLANG_WARN_DIRECT_OBJC_ISA_USAGE = YES_ERROR;
				CLANG_WARN_DOCUMENTATION_COMMENTS = YES;
				CLANG_WARN_EMPTY_BODY = YES;
				CLANG_WARN_ENUM_CONVERSION = YES;
				CLANG_WARN_INFINITE_RECURSION = YES;
				CLANG_WARN_INT_CONVERSION = YES;
				CLANG_WARN_OBJC_ROOT_CLASS = YES_ERROR;
				CLANG_WARN_SUSPICIOUS_MOVE = YES;
				CLANG_WARN_UNREACHABLE_CODE = YES;
				CLANG_WARN__DUPLICATE_METHOD_MATCH = YES;
				"CODE_SIGN_IDENTITY[sdk=iphoneos*]" = "iPhone Developer";
				COPY_PHASE_STRIP = NO;
				DEBUG_INFORMATION_FORMAT = "dwarf-with-dsym";
				ENABLE_NS_ASSERTIONS = NO;
				ENABLE_STRICT_OBJC_MSGSEND = YES;
				GCC_C_LANGUAGE_STANDARD = gnu99;
				GCC_NO_COMMON_BLOCKS = YES;
				GCC_WARN_64_TO_32_BIT_CONVERSION = YES;
				GCC_WARN_ABOUT_RETURN_TYPE = YES_ERROR;
				GCC_WARN_UNDECLARED_SELECTOR = YES;
				GCC_WARN_UNINITIALIZED_AUTOS = YES_AGGRESSIVE;
				GCC_WARN_UNUSED_FUNCTION = YES;
				GCC_WARN_UNUSED_VARIABLE = YES;
				IPHONEOS_DEPLOYMENT_TARGET = 10.3;
				MTL_ENABLE_DEBUG_INFO = NO;
				SDKROOT = iphoneos;
				TARGETED_DEVICE_FAMILY = "1,2";
				VALIDATE_PRODUCT = YES;
			};
			name = Release;
		};
		C848852E1EC0DD9F001E319D /* Debug */ = {
			isa = XCBuildConfiguration;
			baseConfigurationReference = 5D3935AEE0308E1C10DAA180 /* Pods-Cross-platform-todo-list.debug.xcconfig */;
			buildSettings = {
				ASSETCATALOG_COMPILER_APPICON_NAME = AppIcon;
				DEVELOPMENT_TEAM = 8EL2FG2Q62;
				INFOPLIST_FILE = "Cross-platform-todo-list/Info.plist";
				LD_RUNPATH_SEARCH_PATHS = "$(inherited) @executable_path/Frameworks";
				PRODUCT_BUNDLE_IDENTIFIER = "com.AustinRogers.Cross-platform-todo-list";
				PRODUCT_NAME = "$(TARGET_NAME)";
			};
			name = Debug;
		};
		C848852F1EC0DD9F001E319D /* Release */ = {
			isa = XCBuildConfiguration;
			baseConfigurationReference = D852A6A0A70D73574A6BB5A7 /* Pods-Cross-platform-todo-list.release.xcconfig */;
			buildSettings = {
				ASSETCATALOG_COMPILER_APPICON_NAME = AppIcon;
				DEVELOPMENT_TEAM = 8EL2FG2Q62;
				INFOPLIST_FILE = "Cross-platform-todo-list/Info.plist";
				LD_RUNPATH_SEARCH_PATHS = "$(inherited) @executable_path/Frameworks";
				PRODUCT_BUNDLE_IDENTIFIER = "com.AustinRogers.Cross-platform-todo-list";
				PRODUCT_NAME = "$(TARGET_NAME)";
			};
			name = Release;
		};
		C848855B1EC233AF001E319D /* Debug */ = {
			isa = XCBuildConfiguration;
			buildSettings = {
				ASSETCATALOG_COMPILER_COMPLICATION_NAME = Complication;
				DEVELOPMENT_TEAM = 8EL2FG2Q62;
				INFOPLIST_FILE = "WatchKit-todo-list Extension/Info.plist";
				LD_RUNPATH_SEARCH_PATHS = "$(inherited) @executable_path/Frameworks @executable_path/../../Frameworks";
				PRODUCT_BUNDLE_IDENTIFIER = "com.AustinRogers.Cross-platform-todo-list.watchkitapp.watchkitextension";
				PRODUCT_NAME = "${TARGET_NAME}";
				SDKROOT = watchos;
				SKIP_INSTALL = YES;
				TARGETED_DEVICE_FAMILY = 4;
				WATCHOS_DEPLOYMENT_TARGET = 3.2;
			};
			name = Debug;
		};
		C848855C1EC233AF001E319D /* Release */ = {
			isa = XCBuildConfiguration;
			buildSettings = {
				ASSETCATALOG_COMPILER_COMPLICATION_NAME = Complication;
				DEVELOPMENT_TEAM = 8EL2FG2Q62;
				INFOPLIST_FILE = "WatchKit-todo-list Extension/Info.plist";
				LD_RUNPATH_SEARCH_PATHS = "$(inherited) @executable_path/Frameworks @executable_path/../../Frameworks";
				PRODUCT_BUNDLE_IDENTIFIER = "com.AustinRogers.Cross-platform-todo-list.watchkitapp.watchkitextension";
				PRODUCT_NAME = "${TARGET_NAME}";
				SDKROOT = watchos;
				SKIP_INSTALL = YES;
				TARGETED_DEVICE_FAMILY = 4;
				WATCHOS_DEPLOYMENT_TARGET = 3.2;
			};
			name = Release;
		};
		C848855F1EC233AF001E319D /* Debug */ = {
			isa = XCBuildConfiguration;
			buildSettings = {
				ASSETCATALOG_COMPILER_APPICON_NAME = AppIcon;
				DEVELOPMENT_TEAM = 8EL2FG2Q62;
				IBSC_MODULE = WatchKit_todo_list_Extension;
				INFOPLIST_FILE = "WatchKit-todo-list/Info.plist";
				PRODUCT_BUNDLE_IDENTIFIER = "com.AustinRogers.Cross-platform-todo-list.watchkitapp";
				PRODUCT_NAME = "$(TARGET_NAME)";
				SDKROOT = watchos;
				SKIP_INSTALL = YES;
				TARGETED_DEVICE_FAMILY = 4;
				WATCHOS_DEPLOYMENT_TARGET = 3.2;
			};
			name = Debug;
		};
		C84885601EC233AF001E319D /* Release */ = {
			isa = XCBuildConfiguration;
			buildSettings = {
				ASSETCATALOG_COMPILER_APPICON_NAME = AppIcon;
				DEVELOPMENT_TEAM = 8EL2FG2Q62;
				IBSC_MODULE = WatchKit_todo_list_Extension;
				INFOPLIST_FILE = "WatchKit-todo-list/Info.plist";
				PRODUCT_BUNDLE_IDENTIFIER = "com.AustinRogers.Cross-platform-todo-list.watchkitapp";
				PRODUCT_NAME = "$(TARGET_NAME)";
				SDKROOT = watchos;
				SKIP_INSTALL = YES;
				TARGETED_DEVICE_FAMILY = 4;
				WATCHOS_DEPLOYMENT_TARGET = 3.2;
			};
			name = Release;
		};
		C848857C1EC246C5001E319D /* Debug */ = {
			isa = XCBuildConfiguration;
			buildSettings = {
				ASSETCATALOG_COMPILER_APPICON_NAME = "App Icon & Top Shelf Image";
				ASSETCATALOG_COMPILER_LAUNCHIMAGE_NAME = LaunchImage;
				DEVELOPMENT_TEAM = 8EL2FG2Q62;
				INFOPLIST_FILE = "TV-todo-list/Info.plist";
				LD_RUNPATH_SEARCH_PATHS = "$(inherited) @executable_path/Frameworks";
				PRODUCT_BUNDLE_IDENTIFIER = "com.AustinRogers.TV-todo-list";
				PRODUCT_NAME = "$(TARGET_NAME)";
				SDKROOT = appletvos;
				TARGETED_DEVICE_FAMILY = 3;
				TVOS_DEPLOYMENT_TARGET = 10.2;
			};
			name = Debug;
		};
		C848857D1EC246C5001E319D /* Release */ = {
			isa = XCBuildConfiguration;
			buildSettings = {
				ASSETCATALOG_COMPILER_APPICON_NAME = "App Icon & Top Shelf Image";
				ASSETCATALOG_COMPILER_LAUNCHIMAGE_NAME = LaunchImage;
				DEVELOPMENT_TEAM = 8EL2FG2Q62;
				INFOPLIST_FILE = "TV-todo-list/Info.plist";
				LD_RUNPATH_SEARCH_PATHS = "$(inherited) @executable_path/Frameworks";
				PRODUCT_BUNDLE_IDENTIFIER = "com.AustinRogers.TV-todo-list";
				PRODUCT_NAME = "$(TARGET_NAME)";
				SDKROOT = appletvos;
				TARGETED_DEVICE_FAMILY = 3;
				TVOS_DEPLOYMENT_TARGET = 10.2;
			};
			name = Release;
		};
/* End XCBuildConfiguration section */

/* Begin XCConfigurationList section */
		C84885111EC0DD9F001E319D /* Build configuration list for PBXProject "Cross-platform-todo-list" */ = {
			isa = XCConfigurationList;
			buildConfigurations = (
				C848852B1EC0DD9F001E319D /* Debug */,
				C848852C1EC0DD9F001E319D /* Release */,
			);
			defaultConfigurationIsVisible = 0;
			defaultConfigurationName = Release;
		};
		C848852D1EC0DD9F001E319D /* Build configuration list for PBXNativeTarget "Cross-platform-todo-list" */ = {
			isa = XCConfigurationList;
			buildConfigurations = (
				C848852E1EC0DD9F001E319D /* Debug */,
				C848852F1EC0DD9F001E319D /* Release */,
			);
			defaultConfigurationIsVisible = 0;
			defaultConfigurationName = Release;
		};
		C848855A1EC233AF001E319D /* Build configuration list for PBXNativeTarget "WatchKit-todo-list Extension" */ = {
			isa = XCConfigurationList;
			buildConfigurations = (
				C848855B1EC233AF001E319D /* Debug */,
				C848855C1EC233AF001E319D /* Release */,
			);
			defaultConfigurationIsVisible = 0;
		};
		C848855E1EC233AF001E319D /* Build configuration list for PBXNativeTarget "WatchKit-todo-list" */ = {
			isa = XCConfigurationList;
			buildConfigurations = (
				C848855F1EC233AF001E319D /* Debug */,
				C84885601EC233AF001E319D /* Release */,
			);
			defaultConfigurationIsVisible = 0;
		};
		C848857B1EC246C5001E319D /* Build configuration list for PBXNativeTarget "TV-todo-list" */ = {
			isa = XCConfigurationList;
			buildConfigurations = (
				C848857C1EC246C5001E319D /* Debug */,
				C848857D1EC246C5001E319D /* Release */,
			);
			defaultConfigurationIsVisible = 0;
		};
/* End XCConfigurationList section */
	};
	rootObject = C848850E1EC0DD9F001E319D /* Project object */;
}
